
Microsoft Visual Studio Solution File, Format Version 12.00
# Visual Studio 14
VisualStudioVersion = 14.0.25420.1
MinimumVisualStudioVersion = 10.0.40219.1
Project("{FAE04EC0-301F-11D3-BF4B-00C04F79EFBC}") = "MagazineVer1", "MagazineVer1\MagazineVer1.csproj", "{E7EBF033-9445-41C3-85FA-76BFF7B48EA4}"
EndProject
Project("{2150E333-8FDC-42A3-9474-1A3956D46DE8}") = "Solution Items", "Solution Items", "{B9C0A365-194A-4C5C-9A8F-04CFA2E6B64C}"
	ProjectSection(SolutionItems) = preProject
		WE-Palette.css = WE-Palette.css
		WebEssentials2015-Settings.json = WebEssentials2015-Settings.json
	EndProjectSection
EndProject
Global
	GlobalSection(SolutionConfigurationPlatforms) = preSolution
		Debug|Any CPU = Debug|Any CPU
		Release|Any CPU = Release|Any CPU
	EndGlobalSection
	GlobalSection(ProjectConfigurationPlatforms) = postSolution
		{E7EBF033-9445-41C3-85FA-76BFF7B48EA4}.Debug|Any CPU.ActiveCfg = Debug|Any CPU
		{E7EBF033-9445-41C3-85FA-76BFF7B48EA4}.Debug|Any CPU.Build.0 = Debug|Any CPU
		{E7EBF033-9445-41C3-85FA-76BFF7B48EA4}.Release|Any CPU.ActiveCfg = Release|Any CPU
		{E7EBF033-9445-41C3-85FA-76BFF7B48EA4}.Release|Any CPU.Build.0 = Release|Any CPU
	EndGlobalSection
	GlobalSection(SolutionProperties) = preSolution
		HideSolutionNode = FALSE
	EndGlobalSection
EndGlobal
